
Microsoft Visual Studio Solution File, Format Version 12.00
# Visual Studio Version 17
VisualStudioVersion = 17.7.34221.43
MinimumVisualStudioVersion = 10.0.40219.1
Project("{888888A0-9F3D-457C-B088-3A5042F75D52}") = "CIS261_Course_Project pt2", "CIS261_Course_Project pt2.pyproj", "{38FD3F3B-A976-4CFD-8455-ABF3DFD3591F}"
EndProject
Global
	GlobalSection(SolutionConfigurationPlatforms) = preSolution
		Debug|Any CPU = Debug|Any CPU
		Release|Any CPU = Release|Any CPU
	EndGlobalSection
	GlobalSection(ProjectConfigurationPlatforms) = postSolution
		{38FD3F3B-A976-4CFD-8455-ABF3DFD3591F}.Debug|Any CPU.ActiveCfg = Debug|Any CPU
		{38FD3F3B-A976-4CFD-8455-ABF3DFD3591F}.Release|Any CPU.ActiveCfg = Release|Any CPU
	EndGlobalSection
	GlobalSection(SolutionProperties) = preSolution
		HideSolutionNode = FALSE
	EndGlobalSection
	GlobalSection(ExtensibilityGlobals) = postSolution
		SolutionGuid = {2766C3F5-D860-4AA5-B8B7-F7C772539992}
	EndGlobalSection
EndGlobal
